<?xml version="1.0" encoding="utf-8"?>
<Project ToolsVersion="4.0" xmlns="http://schemas.microsoft.com/developer/msbuild/2003">
  <ItemGroup>
    <ClCompile Include="Helpers\Helpers.cpp" />
    <ClCompile Include="Helpers\Helpers.hpp" />
    <ClCompile Include="Config\GraphFilesConfig.cpp" />
    <ClCompile Include="Helpers\GraphHelper.cpp" />
    <ClCompile Include="Graph\Node.cpp" />
    <ClCompile Include="Graph\Graph.cpp" />
    <ClCompile Include="Algorithm\NoisySeeds.cpp" />
    <ClCompile Include="Graph\NodePair.cpp" />
    <ClCompile Include="Program.cpp" />
    <ClCompile Include="Algorithm\ExpandOnce.cpp" />
    <ClCompile Include="SandBox.cpp" />
    <ClCompile Include="Algorithm\NoisySeedsParallel.cpp" />
  </ItemGroup>
  <ItemGroup>
    <ClInclude Include="Config\GraphFilesConfig.hpp" />
    <ClInclude Include="Helpers\GraphHelper.hpp" />
    <ClInclude Include="Graph\Node.h" />
    <ClInclude Include="Graph\Graph.h" />
    <ClInclude Include="Algorithm\NoisySeeds.h" />
    <ClInclude Include="Graph\NodePair.h" />
    <ClInclude Include="Algorithm\ExpandOnce.h" />
    <ClInclude Include="SandBox.h" />
  </ItemGroup>
  <ItemGroup>
    <None Include="..\..\..\..\CLionProjects\graph_matching\graph1.adjlist" />
    <None Include="..\..\..\..\CLionProjects\graph_matching\graph2.adjlist" />
    <None Include="..\..\..\..\CLionProjects\graph_matching\noisy_set.list" />
  </ItemGroup>
</Project>